{
  "name": "@alloybot/discord-musicbot",
  "version": "0.0.0",
  "lockfileVersion": 1,
  "requires": true,
  "dependencies": {
    "sec-to-min": {
      "version": "1.0.1",
      "resolved": "http://registry.npmjs.org/sec-to-min/-/sec-to-min-1.0.1.tgz",
      "integrity": "sha1-iPp3YtqFPvREGRxyFH3YVpa8IPE="
    }
  }
}
